{
  "version": 4,
  "terraform_version": "1.15.6",
  "serial": 42,
  "lineage": "eb551168-c444-4a78-8fca-c57ecf4ba8ee",
  "outputs": {
    "app_url": {
      "value": "http://44.253.7.188:30080",
      "type": "string"
    },
    "grafana_url": {
      "value": "http://44.253.7.188:32000",
      "type": "string"
    },
    "k3s_public_ip": {
      "value": "44.253.7.188",
      "type": "string"
    },
    "rds_replica_endpoint": {
      "value": "chaos-dr-dr-postgres-replica.cxkqk6qks00p.us-west-2.rds.amazonaws.com",
      "type": "string"
    }
  },
  "resources": [
    {
      "module": "module.k3s",
      "mode": "data",
      "type": "aws_ami",
      "name": "al2023",
      "provider": "provider[\"registry.terraform.io/hashicorp/aws\"]",
      "instances": [
        {
          "schema_version": 0,
          "attributes": {
            "architecture": "x86_64",
            "arn": "arn:aws:ec2:us-west-2::image/ami-050df560689a53457",
            "block_device_mappings": [
              {
                "device_name": "/dev/xvda",
                "ebs": {
                  "delete_on_termination": "true",
                  "encrypted": "false",
                  "iops": "3000",
                  "snapshot_id": "snap-069d0abe6944f0e64",
                  "throughput": "125",
                  "volume_initialization_rate": "0",
                  "volume_size": "8",
                  "volume_type": "gp3"
                },
                "no_device": "",
                "virtual_name": ""
              }
            ],
            "boot_mode": "uefi-preferred",
            "creation_date": "2026-06-11T18:08:29.000Z",
            "deprecation_time": "2026-09-09T22:59:00.000Z",
            "description": "Amazon Linux 2023 AMI 2023.12.20260611.0 x86_64 HVM kernel-6.12",
            "ena_support": true,
            "executable_users": null,
            "filter": [
              {
                "name": "name",
                "values": [
                  "al2023-ami-*-x86_64"
                ]
              },
              {
                "name": "virtualization-type",
                "values": [
                  "hvm"
                ]
              }
            ],
            "hypervisor": "xen",
            "id": "ami-050df560689a53457",
            "image_id": "ami-050df560689a53457",
            "image_location": "amazon/al2023-ami-2023.12.20260611.0-kernel-6.12-x86_64",
            "image_owner_alias": "amazon",
            "image_type": "machine",
            "imds_support": "v2.0",
            "include_deprecated": false,
            "kernel_id": "",
            "last_launched_time": "",
            "most_recent": true,
            "name": "al2023-ami-2023.12.20260611.0-kernel-6.12-x86_64",
            "name_regex": null,
            "owner_id": "137112412989",
            "owners": [
              "amazon"
            ],
            "platform": "",
            "platform_details": "Linux/UNIX",
            "product_codes": [],
            "public": true,
            "ramdisk_id": "",
            "root_device_name": "/dev/xvda",
            "root_device_type": "ebs",
            "root_snapshot_id": "snap-069d0abe6944f0e64",
            "sriov_net_support": "simple",
            "state": "available",
            "state_reason": {
              "code": "UNSET",
              "message": "UNSET"
            },
            "tags": {},
            "timeouts": null,
            "tpm_support": "",
            "uefi_data": null,
            "usage_operation": "RunInstances",
            "virtualization_type": "hvm"
          },
          "sensitive_attributes": [],
          "identity_schema_version": 0
        }
      ]
    },
    {
      "module": "module.k3s",
      "mode": "managed",
      "type": "aws_eip",
      "name": "k3s",
      "provider": "provider[\"registry.terraform.io/hashicorp/aws\"]",
      "instances": [
        {
          "schema_version": 0,
          "attributes": {
            "address": null,
            "allocation_id": "eipalloc-041c2a5967d02b72a",
            "arn": "arn:aws:ec2:us-west-2:320746724445:elastic-ip/eipalloc-041c2a5967d02b72a",
            "associate_with_private_ip": null,
            "association_id": "eipassoc-08abc32245329d98c",
            "carrier_ip": "",
            "customer_owned_ip": "",
            "customer_owned_ipv4_pool": "",
            "domain": "vpc",
            "id": "eipalloc-041c2a5967d02b72a",
            "instance": "i-0bb8d100c3160d8ba",
            "ipam_pool_id": null,
            "network_border_group": "us-west-2",
            "network_interface": "eni-047fcc00b240080c9",
            "private_dns": "ip-10-1-0-175.us-west-2.compute.internal",
            "private_ip": "10.1.0.175",
            "ptr_record": "",
            "public_dns": "ec2-44-253-7-188.us-west-2.compute.amazonaws.com",
            "public_ip": "44.253.7.188",
            "public_ipv4_pool": "amazon",
            "tags": {
              "Name": "chaos-dr-dr-eip",
              "Project": "chaos-dr"
            },
            "tags_all": {
              "Name": "chaos-dr-dr-eip",
              "Project": "chaos-dr"
            },
            "timeouts": null,
            "vpc": true
          },
          "sensitive_attributes": [],
          "identity_schema_version": 0,
          "private": "eyJlMmJmYjczMC1lY2FhLTExZTYtOGY4OC0zNDM2M2JjN2M0YzAiOnsiZGVsZXRlIjoxODAwMDAwMDAwMDAsInJlYWQiOjkwMDAwMDAwMDAwMCwidXBkYXRlIjozMDAwMDAwMDAwMDB9fQ==",
          "dependencies": [
            "module.k3s.aws_iam_instance_profile.k3s_node",
            "module.k3s.aws_iam_role.k3s_node",
            "module.k3s.aws_instance.k3s",
            "module.k3s.aws_key_pair.k3s",
            "module.k3s.aws_security_group.k3s",
            "module.k3s.data.aws_ami.al2023",
            "module.rds_replica.aws_db_instance.replica",
            "module.rds_replica.aws_db_subnet_group.replica",
            "module.rds_replica.aws_security_group.rds_replica",
            "module.vpc.aws_subnet.private",
            "module.vpc.aws_subnet.public",
            "module.vpc.aws_vpc.main",
            "module.vpc.data.aws_availability_zones.available"
          ]
        }
      ]
    },
    {
      "module": "module.k3s",
      "mode": "managed",
      "type": "aws_iam_instance_profile",
      "name": "k3s_node",
      "provider": "provider[\"registry.terraform.io/hashicorp/aws\"]",
      "instances": [
        {
          "schema_version": 0,
          "attributes": {
            "arn": "arn:aws:iam::320746724445:instance-profile/chaos-dr-dr-k3s-node-profile",
            "create_date": "2026-06-16T18:24:14Z",
            "id": "chaos-dr-dr-k3s-node-profile",
            "name": "chaos-dr-dr-k3s-node-profile",
            "name_prefix": "",
            "path": "/",
            "role": "chaos-dr-dr-k3s-node-role",
            "tags": {},
            "tags_all": {},
            "unique_id": "AIPAUVLP6TROU3IJ4USWP"
          },
          "sensitive_attributes": [],
          "identity_schema_version": 0,
          "private": "eyJzY2hlbWFfdmVyc2lvbiI6IjAifQ==",
          "dependencies": [
            "module.k3s.aws_iam_role.k3s_node"
          ]
        }
      ]
    },
    {
      "module": "module.k3s",
      "mode": "managed",
      "type": "aws_iam_role",
      "name": "k3s_node",
      "provider": "provider[\"registry.terraform.io/hashicorp/aws\"]",
      "instances": [
        {
          "schema_version": 0,
          "attributes": {
            "arn": "arn:aws:iam::320746724445:role/chaos-dr-dr-k3s-node-role",
            "assume_role_policy": "{\"Statement\":[{\"Action\":\"sts:AssumeRole\",\"Effect\":\"Allow\",\"Principal\":{\"Service\":\"ec2.amazonaws.com\"}}],\"Version\":\"2012-10-17\"}",
            "create_date": "2026-06-16T18:24:13Z",
            "description": "",
            "force_detach_policies": false,
            "id": "chaos-dr-dr-k3s-node-role",
            "inline_policy": [
              {
                "name": "chaos-dr-dr-k3s-node-policy",
                "policy": "{\"Version\":\"2012-10-17\",\"Statement\":[{\"Action\":[\"ec2:StopInstances\",\"ec2:StartInstances\",\"ec2:DescribeInstances\",\"ec2:DescribeAddresses\"],\"Condition\":{\"StringEquals\":{\"aws:ResourceTag/Project\":\"chaos-dr\"}},\"Effect\":\"Allow\",\"Resource\":\"*\",\"Sid\":\"EC2ChaosControl\"},{\"Action\":[\"route53:ListHostedZones\",\"route53:ChangeResourceRecordSets\",\"route53:ListHealthChecks\",\"route53:GetHealthCheckStatus\"],\"Effect\":\"Allow\",\"Resource\":\"*\",\"Sid\":\"Route53Failover\"},{\"Action\":[\"rds:PromoteReadReplica\",\"rds:DescribeDBInstances\"],\"Effect\":\"Allow\",\"Resource\":\"*\",\"Sid\":\"RDSPromotion\"},{\"Action\":[\"secretsmanager:GetSecretValue\"],\"Effect\":\"Allow\",\"Resource\":\"arn:aws:secretsmanager:*:*:secret:chaos-dr/*\",\"Sid\":\"SecretAccess\"}]}"
              }
            ],
            "managed_policy_arns": [
              "arn:aws:iam::aws:policy/AmazonSSMManagedInstanceCore"
            ],
            "max_session_duration": 3600,
            "name": "chaos-dr-dr-k3s-node-role",
            "name_prefix": "",
            "path": "/",
            "permissions_boundary": "",
            "tags": {
              "Project": "chaos-dr"
            },
            "tags_all": {
              "Project": "chaos-dr"
            },
            "unique_id": "AROAUVLP6TRO6KBH2LOWI"
          },
          "sensitive_attributes": [],
          "identity_schema_version": 0,
          "private": "eyJzY2hlbWFfdmVyc2lvbiI6IjAifQ=="
        }
      ]
    },
    {
      "module": "module.k3s",
      "mode": "managed",
      "type": "aws_iam_role_policy",
      "name": "k3s_node",
      "provider": "provider[\"registry.terraform.io/hashicorp/aws\"]",
      "instances": [
        {
          "schema_version": 0,
          "attributes": {
            "id": "chaos-dr-dr-k3s-node-role:chaos-dr-dr-k3s-node-policy",
            "name": "chaos-dr-dr-k3s-node-policy",
            "name_prefix": "",
            "policy": "{\"Version\":\"2012-10-17\",\"Statement\":[{\"Action\":[\"ec2:StopInstances\",\"ec2:StartInstances\",\"ec2:DescribeInstances\",\"ec2:DescribeAddresses\"],\"Condition\":{\"StringEquals\":{\"aws:ResourceTag/Project\":\"chaos-dr\"}},\"Effect\":\"Allow\",\"Resource\":\"*\",\"Sid\":\"EC2ChaosControl\"},{\"Action\":[\"route53:ListHostedZones\",\"route53:ChangeResourceRecordSets\",\"route53:ListHealthChecks\",\"route53:GetHealthCheckStatus\"],\"Effect\":\"Allow\",\"Resource\":\"*\",\"Sid\":\"Route53Failover\"},{\"Action\":[\"rds:PromoteReadReplica\",\"rds:DescribeDBInstances\"],\"Effect\":\"Allow\",\"Resource\":\"*\",\"Sid\":\"RDSPromotion\"},{\"Action\":[\"secretsmanager:GetSecretValue\"],\"Effect\":\"Allow\",\"Resource\":\"arn:aws:secretsmanager:*:*:secret:chaos-dr/*\",\"Sid\":\"SecretAccess\"}]}",
            "role": "chaos-dr-dr-k3s-node-role"
          },
          "sensitive_attributes": [],
          "identity_schema_version": 0,
          "private": "eyJzY2hlbWFfdmVyc2lvbiI6IjAifQ==",
          "dependencies": [
            "module.k3s.aws_iam_role.k3s_node"
          ]
        }
      ]
    },
    {
      "module": "module.k3s",
      "mode": "managed",
      "type": "aws_iam_role_policy_attachment",
      "name": "ssm",
      "provider": "provider[\"registry.terraform.io/hashicorp/aws\"]",
      "instances": [
        {
          "schema_version": 0,
          "attributes": {
            "id": "chaos-dr-dr-k3s-node-role-20260617040517576100000001",
            "policy_arn": "arn:aws:iam::aws:policy/AmazonSSMManagedInstanceCore",
            "role": "chaos-dr-dr-k3s-node-role"
          },
          "sensitive_attributes": [],
          "identity_schema_version": 0,
          "private": "bnVsbA==",
          "dependencies": [
            "module.k3s.aws_iam_role.k3s_node"
          ]
        }
      ]
    },
    {
      "module": "module.k3s",
      "mode": "managed",
      "type": "aws_instance",
      "name": "k3s",
      "provider": "provider[\"registry.terraform.io/hashicorp/aws\"]",
      "instances": [
        {
          "schema_version": 1,
          "attributes": {
            "ami": "ami-050df560689a53457",
            "arn": "arn:aws:ec2:us-west-2:320746724445:instance/i-0bb8d100c3160d8ba",
            "associate_public_ip_address": true,
            "availability_zone": "us-west-2a",
            "capacity_reservation_specification": [
              {
                "capacity_reservation_preference": "open",
                "capacity_reservation_target": []
              }
            ],
            "cpu_core_count": 1,
            "cpu_options": [
              {
                "amd_sev_snp": "",
                "core_count": 1,
                "threads_per_core": 2
              }
            ],
            "cpu_threads_per_core": 2,
            "credit_specification": [
              {
                "cpu_credits": "unlimited"
              }
            ],
            "disable_api_stop": false,
            "disable_api_termination": false,
            "ebs_block_device": [],
            "ebs_optimized": false,
            "enable_primary_ipv6": null,
            "enclave_options": [
              {
                "enabled": false
              }
            ],
            "ephemeral_block_device": [],
            "get_password_data": false,
            "hibernation": false,
            "host_id": "",
            "host_resource_group_arn": null,
            "iam_instance_profile": "chaos-dr-dr-k3s-node-profile",
            "id": "i-0bb8d100c3160d8ba",
            "instance_initiated_shutdown_behavior": "stop",
            "instance_lifecycle": "",
            "instance_market_options": [],
            "instance_state": "running",
            "instance_type": "t3.micro",
            "ipv6_address_count": 0,
            "ipv6_addresses": [],
            "key_name": "chaos-dr-dr-key",
            "launch_template": [],
            "maintenance_options": [
              {
                "auto_recovery": "default"
              }
            ],
            "metadata_options": [
              {
                "http_endpoint": "enabled",
                "http_protocol_ipv6": "disabled",
                "http_put_response_hop_limit": 2,
                "http_tokens": "required",
                "instance_metadata_tags": "disabled"
              }
            ],
            "monitoring": false,
            "network_interface": [],
            "outpost_arn": "",
            "password_data": "",
            "placement_group": "",
            "placement_partition_number": 0,
            "primary_network_interface_id": "eni-047fcc00b240080c9",
            "private_dns": "ip-10-1-0-175.us-west-2.compute.internal",
            "private_dns_name_options": [
              {
                "enable_resource_name_dns_a_record": false,
                "enable_resource_name_dns_aaaa_record": false,
                "hostname_type": "ip-name"
              }
            ],
            "private_ip": "10.1.0.175",
            "public_dns": "ec2-34-222-52-29.us-west-2.compute.amazonaws.com",
            "public_ip": "34.222.52.29",
            "root_block_device": [
              {
                "delete_on_termination": true,
                "device_name": "/dev/xvda",
                "encrypted": false,
                "iops": 3000,
                "kms_key_id": "",
                "tags": null,
                "tags_all": {},
                "throughput": 125,
                "volume_id": "vol-00cd60bd193114392",
                "volume_size": 20,
                "volume_type": "gp3"
              }
            ],
            "secondary_private_ips": [],
            "security_groups": [],
            "source_dest_check": true,
            "spot_instance_request_id": "",
            "subnet_id": "subnet-036f9b73eca9505e5",
            "tags": {
              "ManagedBy": "terraform",
              "Name": "chaos-dr-dr-k3s-node",
              "Project": "chaos-dr",
              "Region": "dr"
            },
            "tags_all": {
              "ManagedBy": "terraform",
              "Name": "chaos-dr-dr-k3s-node",
              "Project": "chaos-dr",
              "Region": "dr"
            },
            "tenancy": "default",
            "timeouts": null,
            "user_data": "a0b334d3c7b8ca5be1bfc6455df691424de6acf2",
            "user_data_base64": null,
            "user_data_replace_on_change": true,
            "volume_tags": null,
            "vpc_security_group_ids": [
              "sg-065f2e8193ebff846"
            ]
          },
          "sensitive_attributes": [
            [
              {
                "type": "get_attr",
                "value": "user_data"
              }
            ]
          ],
          "identity_schema_version": 0,
          "private": "eyJlMmJmYjczMC1lY2FhLTExZTYtOGY4OC0zNDM2M2JjN2M0YzAiOnsiY3JlYXRlIjo2MDAwMDAwMDAwMDAsImRlbGV0ZSI6MTIwMDAwMDAwMDAwMCwicmVhZCI6OTAwMDAwMDAwMDAwLCJ1cGRhdGUiOjYwMDAwMDAwMDAwMH0sInNjaGVtYV92ZXJzaW9uIjoiMSJ9",
          "dependencies": [
            "module.k3s.aws_iam_instance_profile.k3s_node",
            "module.k3s.aws_iam_role.k3s_node",
            "module.k3s.aws_key_pair.k3s",
            "module.k3s.aws_security_group.k3s",
            "module.k3s.data.aws_ami.al2023",
            "module.rds_replica.aws_db_instance.replica",
            "module.rds_replica.aws_db_subnet_group.replica",
            "module.rds_replica.aws_security_group.rds_replica",
            "module.vpc.aws_subnet.private",
            "module.vpc.aws_subnet.public",
            "module.vpc.aws_vpc.main",
            "module.vpc.data.aws_availability_zones.available"
          ]
        }
      ]
    },
    {
      "module": "module.k3s",
      "mode": "managed",
      "type": "aws_key_pair",
      "name": "k3s",
      "provider": "provider[\"registry.terraform.io/hashicorp/aws\"]",
      "instances": [
        {
          "schema_version": 1,
          "attributes": {
            "arn": "arn:aws:ec2:us-west-2:320746724445:key-pair/chaos-dr-dr-key",
            "fingerprint": "e1:f0:0e:88:2e:b5:6a:c5:ae:b4:93:8d:ee:e2:5e:89",
            "id": "chaos-dr-dr-key",
            "key_name": "chaos-dr-dr-key",
            "key_name_prefix": "",
            "key_pair_id": "key-021c70d4bea2178ea",
            "key_type": "rsa",
            "public_key": "ssh-rsa AAAAB3NzaC1yc2EAAAADAQABAAACAQCnQONrcVnL8/l5vK/lVJscZRhZ41wAipu25wekWXZPMx04ASUy6u5QZG0ZBOzyXuGRP7lk9XVPKvPwCXNHfHnNMSrA1FHVecLCzc5bEQqREst8Q1LSL3FsCCjOaRtzLBIPaKvjq4Pnp6o8uPmGNrfcqhPPX2qEgsuE3/Ya7uuXfoS3PNfq5IX4dgJo1NJM7km2p2RahO+EGR4uYCAjS/y827AV9rhL8Yh9DDoueJGeo5M2Q34xWvIvw8UK29boGm8k2A8CCDqX5zVHWrX4agkb2pWSVQdLV03ZbN2oJMdOpbVoQwRvO7kfvzSgq20s5Innfc79jqp6M/jZQdZHIhWQme/TJCqylAHrxu7IdhcXGOS8i3TYiyntdMrLmqpPs+HKEF+uBqHVz0DgQSECC4KNHWPu9oa0EmByW51fpyYCQpXri6A3HCXHIfYt8YJXUhCzxgWfb9ojl+VPMJ+QOsdzIBQ0ExWOw0gVRAqZ+4UKWnL2GixZwrZqrqanbDL/VU0XaE0O20SrRJ/ArYZgdt6HmhmahSBYWenlWr0O+EFfDxkLIP6gfstcDsoVMYh5SO2FexumtQQHlOoRKcyGET7+KaFPMd6cSYKro57u/H19cKTFkUg4tsF2JO9v1O/A0MumGrlbc1OVGAhPurkKL65xYovsu5MQOgGOWXHvkppr/Q== chaos-dr-project",
            "tags": {},
            "tags_all": {}
          },
          "sensitive_attributes": [],
          "identity_schema_version": 0,
          "private": "eyJzY2hlbWFfdmVyc2lvbiI6IjEifQ=="
        }
      ]
    },
    {
      "module": "module.k3s",
      "mode": "managed",
      "type": "aws_security_group",
      "name": "k3s",
      "provider": "provider[\"registry.terraform.io/hashicorp/aws\"]",
      "instances": [
        {
          "schema_version": 1,
          "attributes": {
            "arn": "arn:aws:ec2:us-west-2:320746724445:security-group/sg-065f2e8193ebff846",
            "description": "K3s node traffic",
            "egress": [
              {
                "cidr_blocks": [
                  "0.0.0.0/0"
                ],
                "description": "",
                "from_port": 0,
                "ipv6_cidr_blocks": [],
                "prefix_list_ids": [],
                "protocol": "-1",
                "security_groups": [],
                "self": false,
                "to_port": 0
              }
            ],
            "id": "sg-065f2e8193ebff846",
            "ingress": [
              {
                "cidr_blocks": [
                  "0.0.0.0/0"
                ],
                "description": "",
                "from_port": 22,
                "ipv6_cidr_blocks": [],
                "prefix_list_ids": [],
                "protocol": "tcp",
                "security_groups": [],
                "self": false,
                "to_port": 22
              },
              {
                "cidr_blocks": [
                  "0.0.0.0/0"
                ],
                "description": "",
                "from_port": 30000,
                "ipv6_cidr_blocks": [],
                "prefix_list_ids": [],
                "protocol": "tcp",
                "security_groups": [],
                "self": false,
                "to_port": 32767
              },
              {
                "cidr_blocks": [
                  "0.0.0.0/0"
                ],
                "description": "",
                "from_port": 443,
                "ipv6_cidr_blocks": [],
                "prefix_list_ids": [],
                "protocol": "tcp",
                "security_groups": [],
                "self": false,
                "to_port": 443
              },
              {
                "cidr_blocks": [
                  "0.0.0.0/0"
                ],
                "description": "",
                "from_port": 80,
                "ipv6_cidr_blocks": [],
                "prefix_list_ids": [],
                "protocol": "tcp",
                "security_groups": [],
                "self": false,
                "to_port": 80
              },
              {
                "cidr_blocks": [
                  "10.0.0.0/8"
                ],
                "description": "",
                "from_port": 9090,
                "ipv6_cidr_blocks": [],
                "prefix_list_ids": [],
                "protocol": "tcp",
                "security_groups": [],
                "self": false,
                "to_port": 9090
              }
            ],
            "name": "chaos-dr-dr-k3s-sg",
            "name_prefix": "",
            "owner_id": "320746724445",
            "revoke_rules_on_delete": null,
            "tags": {
              "Name": "chaos-dr-dr-k3s-sg",
              "Project": "chaos-dr"
            },
            "tags_all": {
              "Name": "chaos-dr-dr-k3s-sg",
              "Project": "chaos-dr"
            },
            "timeouts": null,
            "vpc_id": "vpc-0dfbe0a30c423c604"
          },
          "sensitive_attributes": [],
          "identity_schema_version": 0,
          "private": "eyJlMmJmYjczMC1lY2FhLTExZTYtOGY4OC0zNDM2M2JjN2M0YzAiOnsiY3JlYXRlIjo2MDAwMDAwMDAwMDAsImRlbGV0ZSI6OTAwMDAwMDAwMDAwfSwic2NoZW1hX3ZlcnNpb24iOiIxIn0=",
          "dependencies": [
            "module.vpc.aws_vpc.main"
          ]
        }
      ]
    },
    {
      "module": "module.rds_replica",
      "mode": "managed",
      "type": "aws_db_instance",
      "name": "replica",
      "provider": "provider[\"registry.terraform.io/hashicorp/aws\"]",
      "instances": [
        {
          "schema_version": 2,
          "attributes": {
            "address": "chaos-dr-dr-postgres-replica.cxkqk6qks00p.us-west-2.rds.amazonaws.com",
            "allocated_storage": 20,
            "allow_major_version_upgrade": null,
            "apply_immediately": false,
            "arn": "arn:aws:rds:us-west-2:320746724445:db:chaos-dr-dr-postgres-replica",
            "auto_minor_version_upgrade": true,
            "availability_zone": "us-west-2a",
            "backup_retention_period": 0,
            "backup_target": "region",
            "backup_window": "03:00-04:00",
            "blue_green_update": [],
            "ca_cert_identifier": "rds-ca-rsa2048-g1",
            "character_set_name": "",
            "copy_tags_to_snapshot": false,
            "custom_iam_instance_profile": "",
            "customer_owned_ip_enabled": false,
            "database_insights_mode": "standard",
            "db_name": "chaosdb",
            "db_subnet_group_name": "chaos-dr-dr-replica-subnet-group",
            "dedicated_log_volume": false,
            "delete_automated_backups": true,
            "deletion_protection": false,
            "domain": "",
            "domain_auth_secret_arn": "",
            "domain_dns_ips": [],
            "domain_fqdn": "",
            "domain_iam_role_name": "",
            "domain_ou": "",
            "enabled_cloudwatch_logs_exports": [],
            "endpoint": "chaos-dr-dr-postgres-replica.cxkqk6qks00p.us-west-2.rds.amazonaws.com:5432",
            "engine": "postgres",
            "engine_lifecycle_support": "open-source-rds-extended-support",
            "engine_version": "15.7",
            "engine_version_actual": "15.7",
            "final_snapshot_identifier": null,
            "hosted_zone_id": "Z1PVIF0B656C1W",
            "iam_database_authentication_enabled": false,
            "id": "db-QOEUJOGAI4Q7PRWJVWNTFFC7UM",
            "identifier": "chaos-dr-dr-postgres-replica",
            "identifier_prefix": "",
            "instance_class": "db.t3.micro",
            "iops": 0,
            "kms_key_id": "",
            "latest_restorable_time": "",
            "license_model": "postgresql-license",
            "listener_endpoint": [],
            "maintenance_window": "wed:07:38-wed:08:08",
            "manage_master_user_password": null,
            "master_user_secret": [],
            "master_user_secret_kms_key_id": null,
            "max_allocated_storage": 0,
            "monitoring_interval": 0,
            "monitoring_role_arn": "",
            "multi_az": false,
            "nchar_character_set_name": "",
            "network_type": "IPV4",
            "option_group_name": "default:postgres-15",
            "parameter_group_name": "default.postgres15",
            "password": null,
            "password_wo": null,
            "password_wo_version": null,
            "performance_insights_enabled": false,
            "performance_insights_kms_key_id": "",
            "performance_insights_retention_period": 0,
            "port": 5432,
            "publicly_accessible": false,
            "replica_mode": "",
            "replicas": [],
            "replicate_source_db": "arn:aws:rds:us-east-1:320746724445:db:chaos-dr-primary-postgres",
            "resource_id": "db-QOEUJOGAI4Q7PRWJVWNTFFC7UM",
            "restore_to_point_in_time": [],
            "s3_import": [],
            "skip_final_snapshot": true,
            "snapshot_identifier": null,
            "status": "available",
            "storage_encrypted": false,
            "storage_throughput": 0,
            "storage_type": "gp2",
            "tags": {
              "ManagedBy": "terraform",
              "Name": "chaos-dr-dr-postgres-replica",
              "Project": "chaos-dr",
              "Role": "replica"
            },
            "tags_all": {
              "ManagedBy": "terraform",
              "Name": "chaos-dr-dr-postgres-replica",
              "Project": "chaos-dr",
              "Role": "replica"
            },
            "timeouts": null,
            "timezone": "",
            "upgrade_storage_config": null,
            "username": "postgres",
            "vpc_security_group_ids": [
              "sg-0c0f24100914509b8"
            ]
          },
          "sensitive_attributes": [
            [
              {
                "type": "get_attr",
                "value": "password"
              }
            ],
            [
              {
                "type": "get_attr",
                "value": "password_wo"
              }
            ]
          ],
          "identity_schema_version": 0,
          "private": "eyJlMmJmYjczMC1lY2FhLTExZTYtOGY4OC0zNDM2M2JjN2M0YzAiOnsiY3JlYXRlIjozMDAwMDAwMDAwMDAwLCJkZWxldGUiOjM2MDAwMDAwMDAwMDAsInVwZGF0ZSI6NDgwMDAwMDAwMDAwMH0sInNjaGVtYV92ZXJzaW9uIjoiMiJ9",
          "dependencies": [
            "module.k3s.aws_security_group.k3s",
            "module.rds_replica.aws_db_subnet_group.replica",
            "module.rds_replica.aws_security_group.rds_replica",
            "module.vpc.aws_subnet.private",
            "module.vpc.aws_vpc.main",
            "module.vpc.data.aws_availability_zones.available"
          ]
        }
      ]
    },
    {
      "module": "module.rds_replica",
      "mode": "managed",
      "type": "aws_db_subnet_group",
      "name": "replica",
      "provider": "provider[\"registry.terraform.io/hashicorp/aws\"]",
      "instances": [
        {
          "schema_version": 0,
          "attributes": {
            "arn": "arn:aws:rds:us-west-2:320746724445:subgrp:chaos-dr-dr-replica-subnet-group",
            "description": "Managed by Terraform",
            "id": "chaos-dr-dr-replica-subnet-group",
            "name": "chaos-dr-dr-replica-subnet-group",
            "name_prefix": "",
            "subnet_ids": [
              "subnet-042dc9eb2d0a72444",
              "subnet-0531f525c29fddfa9"
            ],
            "supported_network_types": [
              "IPV4"
            ],
            "tags": {
              "Name": "chaos-dr-dr-replica-subnet-group",
              "Project": "chaos-dr"
            },
            "tags_all": {
              "Name": "chaos-dr-dr-replica-subnet-group",
              "Project": "chaos-dr"
            },
            "vpc_id": "vpc-0dfbe0a30c423c604"
          },
          "sensitive_attributes": [],
          "identity_schema_version": 0,
          "private": "eyJzY2hlbWFfdmVyc2lvbiI6IjAifQ==",
          "dependencies": [
            "module.vpc.aws_subnet.private",
            "module.vpc.aws_vpc.main",
            "module.vpc.data.aws_availability_zones.available"
          ]
        }
      ]
    },
    {
      "module": "module.rds_replica",
      "mode": "managed",
      "type": "aws_security_group",
      "name": "rds_replica",
      "provider": "provider[\"registry.terraform.io/hashicorp/aws\"]",
      "instances": [
        {
          "schema_version": 1,
          "attributes": {
            "arn": "arn:aws:ec2:us-west-2:320746724445:security-group/sg-0c0f24100914509b8",
            "description": "Allow PostgreSQL from K3s DR node only",
            "egress": [
              {
                "cidr_blocks": [
                  "0.0.0.0/0"
                ],
                "description": "",
                "from_port": 0,
                "ipv6_cidr_blocks": [],
                "prefix_list_ids": [],
                "protocol": "-1",
                "security_groups": [],
                "self": false,
                "to_port": 0
              }
            ],
            "id": "sg-0c0f24100914509b8",
            "ingress": [
              {
                "cidr_blocks": [],
                "description": "",
                "from_port": 5432,
                "ipv6_cidr_blocks": [],
                "prefix_list_ids": [],
                "protocol": "tcp",
                "security_groups": [
                  "sg-065f2e8193ebff846"
                ],
                "self": false,
                "to_port": 5432
              }
            ],
            "name": "chaos-dr-dr-rds-replica-sg",
            "name_prefix": "",
            "owner_id": "320746724445",
            "revoke_rules_on_delete": null,
            "tags": {
              "Name": "chaos-dr-dr-rds-replica-sg",
              "Project": "chaos-dr"
            },
            "tags_all": {
              "Name": "chaos-dr-dr-rds-replica-sg",
              "Project": "chaos-dr"
            },
            "timeouts": null,
            "vpc_id": "vpc-0dfbe0a30c423c604"
          },
          "sensitive_attributes": [],
          "identity_schema_version": 0,
          "private": "eyJlMmJmYjczMC1lY2FhLTExZTYtOGY4OC0zNDM2M2JjN2M0YzAiOnsiY3JlYXRlIjo2MDAwMDAwMDAwMDAsImRlbGV0ZSI6OTAwMDAwMDAwMDAwfSwic2NoZW1hX3ZlcnNpb24iOiIxIn0=",
          "dependencies": [
            "module.k3s.aws_security_group.k3s",
            "module.vpc.aws_vpc.main"
          ]
        }
      ]
    },
    {
      "module": "module.vpc",
      "mode": "data",
      "type": "aws_availability_zones",
      "name": "available",
      "provider": "provider[\"registry.terraform.io/hashicorp/aws\"]",
      "instances": [
        {
          "schema_version": 0,
          "attributes": {
            "all_availability_zones": null,
            "exclude_names": null,
            "exclude_zone_ids": null,
            "filter": null,
            "group_names": [
              "us-west-2-zg-1"
            ],
            "id": "us-west-2",
            "names": [
              "us-west-2a",
              "us-west-2b",
              "us-west-2c",
              "us-west-2d"
            ],
            "state": "available",
            "timeouts": null,
            "zone_ids": [
              "usw2-az2",
              "usw2-az1",
              "usw2-az3",
              "usw2-az4"
            ]
          },
          "sensitive_attributes": [],
          "identity_schema_version": 0
        }
      ]
    },
    {
      "module": "module.vpc",
      "mode": "managed",
      "type": "aws_internet_gateway",
      "name": "main",
      "provider": "provider[\"registry.terraform.io/hashicorp/aws\"]",
      "instances": [
        {
          "schema_version": 0,
          "attributes": {
            "arn": "arn:aws:ec2:us-west-2:320746724445:internet-gateway/igw-0dd28204cc76278de",
            "id": "igw-0dd28204cc76278de",
            "owner_id": "320746724445",
            "tags": {
              "Name": "chaos-dr-dr-igw",
              "Project": "chaos-dr"
            },
            "tags_all": {
              "Name": "chaos-dr-dr-igw",
              "Project": "chaos-dr"
            },
            "timeouts": null,
            "vpc_id": "vpc-0dfbe0a30c423c604"
          },
          "sensitive_attributes": [],
          "identity_schema_version": 0,
          "private": "eyJlMmJmYjczMC1lY2FhLTExZTYtOGY4OC0zNDM2M2JjN2M0YzAiOnsiY3JlYXRlIjoxMjAwMDAwMDAwMDAwLCJkZWxldGUiOjEyMDAwMDAwMDAwMDAsInVwZGF0ZSI6MTIwMDAwMDAwMDAwMH0sInNjaGVtYV92ZXJzaW9uIjoiMCJ9",
          "dependencies": [
            "module.vpc.aws_vpc.main"
          ]
        }
      ]
    },
    {
      "module": "module.vpc",
      "mode": "managed",
      "type": "aws_route_table",
      "name": "public",
      "provider": "provider[\"registry.terraform.io/hashicorp/aws\"]",
      "instances": [
        {
          "schema_version": 0,
          "attributes": {
            "arn": "arn:aws:ec2:us-west-2:320746724445:route-table/rtb-0b5d233e6f23901e5",
            "id": "rtb-0b5d233e6f23901e5",
            "owner_id": "320746724445",
            "propagating_vgws": [],
            "route": [
              {
                "carrier_gateway_id": "",
                "cidr_block": "0.0.0.0/0",
                "core_network_arn": "",
                "destination_prefix_list_id": "",
                "egress_only_gateway_id": "",
                "gateway_id": "igw-0dd28204cc76278de",
                "ipv6_cidr_block": "",
                "local_gateway_id": "",
                "nat_gateway_id": "",
                "network_interface_id": "",
                "transit_gateway_id": "",
                "vpc_endpoint_id": "",
                "vpc_peering_connection_id": ""
              }
            ],
            "tags": {
              "Name": "chaos-dr-dr-public-rt",
              "Project": "chaos-dr"
            },
            "tags_all": {
              "Name": "chaos-dr-dr-public-rt",
              "Project": "chaos-dr"
            },
            "timeouts": null,
            "vpc_id": "vpc-0dfbe0a30c423c604"
          },
          "sensitive_attributes": [],
          "identity_schema_version": 0,
          "private": "eyJlMmJmYjczMC1lY2FhLTExZTYtOGY4OC0zNDM2M2JjN2M0YzAiOnsiY3JlYXRlIjozMDAwMDAwMDAwMDAsImRlbGV0ZSI6MzAwMDAwMDAwMDAwLCJ1cGRhdGUiOjEyMDAwMDAwMDAwMH0sInNjaGVtYV92ZXJzaW9uIjoiMCJ9",
          "dependencies": [
            "module.vpc.aws_internet_gateway.main",
            "module.vpc.aws_vpc.main"
          ]
        }
      ]
    },
    {
      "module": "module.vpc",
      "mode": "managed",
      "type": "aws_route_table_association",
      "name": "public",
      "provider": "provider[\"registry.terraform.io/hashicorp/aws\"]",
      "instances": [
        {
          "index_key": 0,
          "schema_version": 0,
          "attributes": {
            "gateway_id": "",
            "id": "rtbassoc-09b618a514a2d07be",
            "route_table_id": "rtb-0b5d233e6f23901e5",
            "subnet_id": "subnet-036f9b73eca9505e5",
            "timeouts": null
          },
          "sensitive_attributes": [],
          "identity_schema_version": 0,
          "private": "eyJlMmJmYjczMC1lY2FhLTExZTYtOGY4OC0zNDM2M2JjN2M0YzAiOnsiY3JlYXRlIjozMDAwMDAwMDAwMDAsImRlbGV0ZSI6MzAwMDAwMDAwMDAwLCJ1cGRhdGUiOjEyMDAwMDAwMDAwMH0sInNjaGVtYV92ZXJzaW9uIjoiMCJ9",
          "dependencies": [
            "module.vpc.aws_internet_gateway.main",
            "module.vpc.aws_route_table.public",
            "module.vpc.aws_subnet.public",
            "module.vpc.aws_vpc.main",
            "module.vpc.data.aws_availability_zones.available"
          ]
        },
        {
          "index_key": 1,
          "schema_version": 0,
          "attributes": {
            "gateway_id": "",
            "id": "rtbassoc-023dd258c402c3e87",
            "route_table_id": "rtb-0b5d233e6f23901e5",
            "subnet_id": "subnet-036f5448222de130a",
            "timeouts": null
          },
          "sensitive_attributes": [],
          "identity_schema_version": 0,
          "private": "eyJlMmJmYjczMC1lY2FhLTExZTYtOGY4OC0zNDM2M2JjN2M0YzAiOnsiY3JlYXRlIjozMDAwMDAwMDAwMDAsImRlbGV0ZSI6MzAwMDAwMDAwMDAwLCJ1cGRhdGUiOjEyMDAwMDAwMDAwMH0sInNjaGVtYV92ZXJzaW9uIjoiMCJ9",
          "dependencies": [
            "module.vpc.aws_internet_gateway.main",
            "module.vpc.aws_route_table.public",
            "module.vpc.aws_subnet.public",
            "module.vpc.aws_vpc.main",
            "module.vpc.data.aws_availability_zones.available"
          ]
        }
      ]
    },
    {
      "module": "module.vpc",
      "mode": "managed",
      "type": "aws_subnet",
      "name": "private",
      "provider": "provider[\"registry.terraform.io/hashicorp/aws\"]",
      "instances": [
        {
          "index_key": 0,
          "schema_version": 1,
          "attributes": {
            "arn": "arn:aws:ec2:us-west-2:320746724445:subnet/subnet-042dc9eb2d0a72444",
            "assign_ipv6_address_on_creation": false,
            "availability_zone": "us-west-2a",
            "availability_zone_id": "usw2-az2",
            "cidr_block": "10.1.10.0/24",
            "customer_owned_ipv4_pool": "",
            "enable_dns64": false,
            "enable_lni_at_device_index": 0,
            "enable_resource_name_dns_a_record_on_launch": false,
            "enable_resource_name_dns_aaaa_record_on_launch": false,
            "id": "subnet-042dc9eb2d0a72444",
            "ipv6_cidr_block": "",
            "ipv6_cidr_block_association_id": "",
            "ipv6_native": false,
            "map_customer_owned_ip_on_launch": false,
            "map_public_ip_on_launch": false,
            "outpost_arn": "",
            "owner_id": "320746724445",
            "private_dns_hostname_type_on_launch": "ip-name",
            "tags": {
              "Name": "chaos-dr-dr-private-1",
              "Project": "chaos-dr"
            },
            "tags_all": {
              "Name": "chaos-dr-dr-private-1",
              "Project": "chaos-dr"
            },
            "timeouts": null,
            "vpc_id": "vpc-0dfbe0a30c423c604"
          },
          "sensitive_attributes": [],
          "identity_schema_version": 0,
          "private": "eyJlMmJmYjczMC1lY2FhLTExZTYtOGY4OC0zNDM2M2JjN2M0YzAiOnsiY3JlYXRlIjo2MDAwMDAwMDAwMDAsImRlbGV0ZSI6MTIwMDAwMDAwMDAwMH0sInNjaGVtYV92ZXJzaW9uIjoiMSJ9",
          "dependencies": [
            "module.vpc.aws_vpc.main",
            "module.vpc.data.aws_availability_zones.available"
          ]
        },
        {
          "index_key": 1,
          "schema_version": 1,
          "attributes": {
            "arn": "arn:aws:ec2:us-west-2:320746724445:subnet/subnet-0531f525c29fddfa9",
            "assign_ipv6_address_on_creation": false,
            "availability_zone": "us-west-2b",
            "availability_zone_id": "usw2-az1",
            "cidr_block": "10.1.11.0/24",
            "customer_owned_ipv4_pool": "",
            "enable_dns64": false,
            "enable_lni_at_device_index": 0,
            "enable_resource_name_dns_a_record_on_launch": false,
            "enable_resource_name_dns_aaaa_record_on_launch": false,
            "id": "subnet-0531f525c29fddfa9",
            "ipv6_cidr_block": "",
            "ipv6_cidr_block_association_id": "",
            "ipv6_native": false,
            "map_customer_owned_ip_on_launch": false,
            "map_public_ip_on_launch": false,
            "outpost_arn": "",
            "owner_id": "320746724445",
            "private_dns_hostname_type_on_launch": "ip-name",
            "tags": {
              "Name": "chaos-dr-dr-private-2",
              "Project": "chaos-dr"
            },
            "tags_all": {
              "Name": "chaos-dr-dr-private-2",
              "Project": "chaos-dr"
            },
            "timeouts": null,
            "vpc_id": "vpc-0dfbe0a30c423c604"
          },
          "sensitive_attributes": [],
          "identity_schema_version": 0,
          "private": "eyJlMmJmYjczMC1lY2FhLTExZTYtOGY4OC0zNDM2M2JjN2M0YzAiOnsiY3JlYXRlIjo2MDAwMDAwMDAwMDAsImRlbGV0ZSI6MTIwMDAwMDAwMDAwMH0sInNjaGVtYV92ZXJzaW9uIjoiMSJ9",
          "dependencies": [
            "module.vpc.aws_vpc.main",
            "module.vpc.data.aws_availability_zones.available"
          ]
        }
      ]
    },
    {
      "module": "module.vpc",
      "mode": "managed",
      "type": "aws_subnet",
      "name": "public",
      "provider": "provider[\"registry.terraform.io/hashicorp/aws\"]",
      "instances": [
        {
          "index_key": 0,
          "schema_version": 1,
          "attributes": {
            "arn": "arn:aws:ec2:us-west-2:320746724445:subnet/subnet-036f9b73eca9505e5",
            "assign_ipv6_address_on_creation": false,
            "availability_zone": "us-west-2a",
            "availability_zone_id": "usw2-az2",
            "cidr_block": "10.1.0.0/24",
            "customer_owned_ipv4_pool": "",
            "enable_dns64": false,
            "enable_lni_at_device_index": 0,
            "enable_resource_name_dns_a_record_on_launch": false,
            "enable_resource_name_dns_aaaa_record_on_launch": false,
            "id": "subnet-036f9b73eca9505e5",
            "ipv6_cidr_block": "",
            "ipv6_cidr_block_association_id": "",
            "ipv6_native": false,
            "map_customer_owned_ip_on_launch": false,
            "map_public_ip_on_launch": true,
            "outpost_arn": "",
            "owner_id": "320746724445",
            "private_dns_hostname_type_on_launch": "ip-name",
            "tags": {
              "Name": "chaos-dr-dr-public-1",
              "Project": "chaos-dr"
            },
            "tags_all": {
              "Name": "chaos-dr-dr-public-1",
              "Project": "chaos-dr"
            },
            "timeouts": null,
            "vpc_id": "vpc-0dfbe0a30c423c604"
          },
          "sensitive_attributes": [],
          "identity_schema_version": 0,
          "private": "eyJlMmJmYjczMC1lY2FhLTExZTYtOGY4OC0zNDM2M2JjN2M0YzAiOnsiY3JlYXRlIjo2MDAwMDAwMDAwMDAsImRlbGV0ZSI6MTIwMDAwMDAwMDAwMH0sInNjaGVtYV92ZXJzaW9uIjoiMSJ9",
          "dependencies": [
            "module.vpc.aws_vpc.main",
            "module.vpc.data.aws_availability_zones.available"
          ]
        },
        {
          "index_key": 1,
          "schema_version": 1,
          "attributes": {
            "arn": "arn:aws:ec2:us-west-2:320746724445:subnet/subnet-036f5448222de130a",
            "assign_ipv6_address_on_creation": false,
            "availability_zone": "us-west-2b",
            "availability_zone_id": "usw2-az1",
            "cidr_block": "10.1.1.0/24",
            "customer_owned_ipv4_pool": "",
            "enable_dns64": false,
            "enable_lni_at_device_index": 0,
            "enable_resource_name_dns_a_record_on_launch": false,
            "enable_resource_name_dns_aaaa_record_on_launch": false,
            "id": "subnet-036f5448222de130a",
            "ipv6_cidr_block": "",
            "ipv6_cidr_block_association_id": "",
            "ipv6_native": false,
            "map_customer_owned_ip_on_launch": false,
            "map_public_ip_on_launch": true,
            "outpost_arn": "",
            "owner_id": "320746724445",
            "private_dns_hostname_type_on_launch": "ip-name",
            "tags": {
              "Name": "chaos-dr-dr-public-2",
              "Project": "chaos-dr"
            },
            "tags_all": {
              "Name": "chaos-dr-dr-public-2",
              "Project": "chaos-dr"
            },
            "timeouts": null,
            "vpc_id": "vpc-0dfbe0a30c423c604"
          },
          "sensitive_attributes": [],
          "identity_schema_version": 0,
          "private": "eyJlMmJmYjczMC1lY2FhLTExZTYtOGY4OC0zNDM2M2JjN2M0YzAiOnsiY3JlYXRlIjo2MDAwMDAwMDAwMDAsImRlbGV0ZSI6MTIwMDAwMDAwMDAwMH0sInNjaGVtYV92ZXJzaW9uIjoiMSJ9",
          "dependencies": [
            "module.vpc.aws_vpc.main",
            "module.vpc.data.aws_availability_zones.available"
          ]
        }
      ]
    },
    {
      "module": "module.vpc",
      "mode": "managed",
      "type": "aws_vpc",
      "name": "main",
      "provider": "provider[\"registry.terraform.io/hashicorp/aws\"]",
      "instances": [
        {
          "schema_version": 1,
          "attributes": {
            "arn": "arn:aws:ec2:us-west-2:320746724445:vpc/vpc-0dfbe0a30c423c604",
            "assign_generated_ipv6_cidr_block": false,
            "cidr_block": "10.1.0.0/16",
            "default_network_acl_id": "acl-016cecfa9ea2087e1",
            "default_route_table_id": "rtb-0f2fed1e5f0785192",
            "default_security_group_id": "sg-01d3b89ac6d0ed1c3",
            "dhcp_options_id": "dopt-0508f4614de7ca897",
            "enable_dns_hostnames": true,
            "enable_dns_support": true,
            "enable_network_address_usage_metrics": false,
            "id": "vpc-0dfbe0a30c423c604",
            "instance_tenancy": "default",
            "ipv4_ipam_pool_id": null,
            "ipv4_netmask_length": null,
            "ipv6_association_id": "",
            "ipv6_cidr_block": "",
            "ipv6_cidr_block_network_border_group": "",
            "ipv6_ipam_pool_id": "",
            "ipv6_netmask_length": 0,
            "main_route_table_id": "rtb-0f2fed1e5f0785192",
            "owner_id": "320746724445",
            "tags": {
              "ManagedBy": "terraform",
              "Name": "chaos-dr-dr-vpc",
              "Project": "chaos-dr",
              "Region": "dr"
            },
            "tags_all": {
              "ManagedBy": "terraform",
              "Name": "chaos-dr-dr-vpc",
              "Project": "chaos-dr",
              "Region": "dr"
            }
          },
          "sensitive_attributes": [],
          "identity_schema_version": 0,
          "private": "eyJzY2hlbWFfdmVyc2lvbiI6IjEifQ=="
        }
      ]
    }
  ],
  "check_results": null
}
